// !$*UTF8*$!
{
	archiveVersion = 1;
	classes = {
	};
	objectVersion = 50;
	objects = {

/* Begin PBXBuildFile section */
		41409BB523DA480E008671C6 /* AppDelegate.swift in Sources */ = {isa = PBXBuildFile; fileRef = 41409BB423DA480E008671C6 /* AppDelegate.swift */; };
		41409BB723DA480E008671C6 /* SceneDelegate.swift in Sources */ = {isa = PBXBuildFile; fileRef = 41409BB623DA480E008671C6 /* SceneDelegate.swift */; };
		41409BB923DA480E008671C6 /* ViewController.swift in Sources */ = {isa = PBXBuildFile; fileRef = 41409BB823DA480E008671C6 /* ViewController.swift */; };
		41409BBC23DA480E008671C6 /* Main.storyboard in Resources */ = {isa = PBXBuildFile; fileRef = 41409BBA23DA480E008671C6 /* Main.storyboard */; };
		41409BBE23DA480F008671C6 /* Assets.xcassets in Resources */ = {isa = PBXBuildFile; fileRef = 41409BBD23DA480F008671C6 /* Assets.xcassets */; };
		41409BC123DA480F008671C6 /* LaunchScreen.storyboard in Resources */ = {isa = PBXBuildFile; fileRef = 41409BBF23DA480F008671C6 /* LaunchScreen.storyboard */; };
		41409BD323DA494F008671C6 /* WordsApiError.swift in Sources */ = {isa = PBXBuildFile; fileRef = 41409BD223DA494F008671C6 /* WordsApiError.swift */; };
		41409BD523DA496F008671C6 /* WordsApiGetEndpoint.swift in Sources */ = {isa = PBXBuildFile; fileRef = 41409BD423DA496F008671C6 /* WordsApiGetEndpoint.swift */; };
/* End PBXBuildFile section */

/* Begin PBXFileReference section */
		41409BB123DA480E008671C6 /* QuizChallenge.app */ = {isa = PBXFileReference; explicitFileType = wrapper.application; includeInIndex = 0; path = QuizChallenge.app; sourceTree = BUILT_PRODUCTS_DIR; };
		41409BB423DA480E008671C6 /* AppDelegate.swift */ = {isa = PBXFileReference; lastKnownFileType = sourcecode.swift; path = AppDelegate.swift; sourceTree = "<group>"; };
		41409BB623DA480E008671C6 /* SceneDelegate.swift */ = {isa = PBXFileReference; lastKnownFileType = sourcecode.swift; path = SceneDelegate.swift; sourceTree = "<group>"; };
		41409BB823DA480E008671C6 /* ViewController.swift */ = {isa = PBXFileReference; lastKnownFileType = sourcecode.swift; path = ViewController.swift; sourceTree = "<group>"; };
		41409BBB23DA480E008671C6 /* Base */ = {isa = PBXFileReference; lastKnownFileType = file.storyboard; name = Base; path = Base.lproj/Main.storyboard; sourceTree = "<group>"; };
		41409BBD23DA480F008671C6 /* Assets.xcassets */ = {isa = PBXFileReference; lastKnownFileType = folder.assetcatalog; path = Assets.xcassets; sourceTree = "<group>"; };
		41409BC023DA480F008671C6 /* Base */ = {isa = PBXFileReference; lastKnownFileType = file.storyboard; name = Base; path = Base.lproj/LaunchScreen.storyboard; sourceTree = "<group>"; };
		41409BC223DA480F008671C6 /* Info.plist */ = {isa = PBXFileReference; lastKnownFileType = text.plist.xml; path = Info.plist; sourceTree = "<group>"; };
		41409BD223DA494F008671C6 /* WordsApiError.swift */ = {isa = PBXFileReference; lastKnownFileType = sourcecode.swift; path = WordsApiError.swift; sourceTree = "<group>"; };
		41409BD423DA496F008671C6 /* WordsApiGetEndpoint.swift */ = {isa = PBXFileReference; lastKnownFileType = sourcecode.swift; path = WordsApiGetEndpoint.swift; sourceTree = "<group>"; };
/* End PBXFileReference section */

/* Begin PBXFrameworksBuildPhase section */
		41409BAE23DA480E008671C6 /* Frameworks */ = {
			isa = PBXFrameworksBuildPhase;
			buildActionMask = 2147483647;
			files = (
			);
			runOnlyForDeploymentPostprocessing = 0;
		};
/* End PBXFrameworksBuildPhase section */

/* Begin PBXGroup section */
		41409BA823DA480E008671C6 = {
			isa = PBXGroup;
			children = (
				41409BB323DA480E008671C6 /* QuizChallenge */,
				41409BB223DA480E008671C6 /* Products */,
			);
			sourceTree = "<group>";
		};
		41409BB223DA480E008671C6 /* Products */ = {
			isa = PBXGroup;
			children = (
				41409BB123DA480E008671C6 /* QuizChallenge.app */,
			);
			name = Products;
			sourceTree = "<group>";
		};
		41409BB323DA480E008671C6 /* QuizChallenge */ = {
			isa = PBXGroup;
			children = (
				41409BCB23DA4887008671C6 /* DataSource */,
				41409BC823DA485B008671C6 /* Service */,
				41409BC923DA4864008671C6 /* Features */,
				41409BCD23DA489A008671C6 /* Storyboards */,
				41409BCC23DA488E008671C6 /* Fonts */,
				41409BCA23DA486E008671C6 /* SupportingFiles */,
				41409BC223DA480F008671C6 /* Info.plist */,
			);
			path = QuizChallenge;
			sourceTree = "<group>";
		};
		41409BC823DA485B008671C6 /* Service */ = {
			isa = PBXGroup;
			children = (
				41409BD223DA494F008671C6 /* WordsApiError.swift */,
				41409BD423DA496F008671C6 /* WordsApiGetEndpoint.swift */,
			);
			path = Service;
			sourceTree = "<group>";
		};
		41409BC923DA4864008671C6 /* Features */ = {
			isa = PBXGroup;
			children = (
				41409BCE23DA48CF008671C6 /* QuizGame */,
			);
			path = Features;
			sourceTree = "<group>";
		};
		41409BCA23DA486E008671C6 /* SupportingFiles */ = {
			isa = PBXGroup;
			children = (
				41409BB423DA480E008671C6 /* AppDelegate.swift */,
				41409BB623DA480E008671C6 /* SceneDelegate.swift */,
				41409BBD23DA480F008671C6 /* Assets.xcassets */,
			);
			path = SupportingFiles;
			sourceTree = "<group>";
		};
		41409BCB23DA4887008671C6 /* DataSource */ = {
			isa = PBXGroup;
			children = (
			);
			path = DataSource;
			sourceTree = "<group>";
		};
		41409BCC23DA488E008671C6 /* Fonts */ = {
			isa = PBXGroup;
			children = (
			);
			path = Fonts;
			sourceTree = "<group>";
		};
		41409BCD23DA489A008671C6 /* Storyboards */ = {
			isa = PBXGroup;
			children = (
				41409BBA23DA480E008671C6 /* Main.storyboard */,
				41409BBF23DA480F008671C6 /* LaunchScreen.storyboard */,
			);
			path = Storyboards;
			sourceTree = "<group>";
		};
		41409BCE23DA48CF008671C6 /* QuizGame */ = {
			isa = PBXGroup;
			children = (
				41409BCF23DA48DB008671C6 /* Model */,
				41409BD023DA48E1008671C6 /* Presenter */,
				41409BD123DA48E8008671C6 /* View */,
			);
			path = QuizGame;
			sourceTree = "<group>";
		};
		41409BCF23DA48DB008671C6 /* Model */ = {
			isa = PBXGroup;
			children = (
			);
			path = Model;
			sourceTree = "<group>";
		};
		41409BD023DA48E1008671C6 /* Presenter */ = {
			isa = PBXGroup;
			children = (
			);
			path = Presenter;
			sourceTree = "<group>";
		};
		41409BD123DA48E8008671C6 /* View */ = {
			isa = PBXGroup;
			children = (
				41409BB823DA480E008671C6 /* ViewController.swift */,
			);
			path = View;
			sourceTree = "<group>";
		};
/* End PBXGroup section */

/* Begin PBXNativeTarget section */
		41409BB023DA480E008671C6 /* QuizChallenge */ = {
			isa = PBXNativeTarget;
			buildConfigurationList = 41409BC523DA480F008671C6 /* Build configuration list for PBXNativeTarget "QuizChallenge" */;
			buildPhases = (
				41409BAD23DA480E008671C6 /* Sources */,
				41409BAE23DA480E008671C6 /* Frameworks */,
				41409BAF23DA480E008671C6 /* Resources */,
			);
			buildRules = (
			);
			dependencies = (
			);
			name = QuizChallenge;
			productName = QuizChallenge;
			productReference = 41409BB123DA480E008671C6 /* QuizChallenge.app */;
			productType = "com.apple.product-type.application";
		};
/* End PBXNativeTarget section */

/* Begin PBXProject section */
		41409BA923DA480E008671C6 /* Project object */ = {
			isa = PBXProject;
			attributes = {
				LastSwiftUpdateCheck = 1110;
				LastUpgradeCheck = 1110;
				ORGANIZATIONNAME = RodrigoPacheco;
				TargetAttributes = {
					41409BB023DA480E008671C6 = {
						CreatedOnToolsVersion = 11.1;
					};
				};
			};
			buildConfigurationList = 41409BAC23DA480E008671C6 /* Build configuration list for PBXProject "QuizChallenge" */;
			compatibilityVersion = "Xcode 9.3";
			developmentRegion = en;
			hasScannedForEncodings = 0;
			knownRegions = (
				en,
				Base,
			);
			mainGroup = 41409BA823DA480E008671C6;
			productRefGroup = 41409BB223DA480E008671C6 /* Products */;
			projectDirPath = "";
			projectRoot = "";
			targets = (
				41409BB023DA480E008671C6 /* QuizChallenge */,
			);
		};
/* End PBXProject section */

/* Begin PBXResourcesBuildPhase section */
		41409BAF23DA480E008671C6 /* Resources */ = {
			isa = PBXResourcesBuildPhase;
			buildActionMask = 2147483647;
			files = (
				41409BC123DA480F008671C6 /* LaunchScreen.storyboard in Resources */,
				41409BBE23DA480F008671C6 /* Assets.xcassets in Resources */,
				41409BBC23DA480E008671C6 /* Main.storyboard in Resources */,
			);
			runOnlyForDeploymentPostprocessing = 0;
		};
/* End PBXResourcesBuildPhase section */

/* Begin PBXSourcesBuildPhase section */
		41409BAD23DA480E008671C6 /* Sources */ = {
			isa = PBXSourcesBuildPhase;
			buildActionMask = 2147483647;
			files = (
				41409BB923DA480E008671C6 /* ViewController.swift in Sources */,
				41409BD523DA496F008671C6 /* WordsApiGetEndpoint.swift in Sources */,
				41409BD323DA494F008671C6 /* WordsApiError.swift in Sources */,
				41409BB523DA480E008671C6 /* AppDelegate.swift in Sources */,
				41409BB723DA480E008671C6 /* SceneDelegate.swift in Sources */,
			);
			runOnlyForDeploymentPostprocessing = 0;
		};
/* End PBXSourcesBuildPhase section */

/* Begin PBXVariantGroup section */
		41409BBA23DA480E008671C6 /* Main.storyboard */ = {
			isa = PBXVariantGroup;
			children = (
				41409BBB23DA480E008671C6 /* Base */,
			);
			name = Main.storyboard;
			sourceTree = "<group>";
		};
		41409BBF23DA480F008671C6 /* LaunchScreen.storyboard */ = {
			isa = PBXVariantGroup;
			children = (
				41409BC023DA480F008671C6 /* Base */,
			);
			name = LaunchScreen.storyboard;
			sourceTree = "<group>";
		};
/* End PBXVariantGroup section */

/* Begin XCBuildConfiguration section */
		41409BC323DA480F008671C6 /* Debug */ = {
			isa = XCBuildConfiguration;
			buildSettings = {
				ALWAYS_SEARCH_USER_PATHS = NO;
				CLANG_ANALYZER_NONNULL = YES;
				CLANG_ANALYZER_NUMBER_OBJECT_CONVERSION = YES_AGGRESSIVE;
				CLANG_CXX_LANGUAGE_STANDARD = "gnu++14";
				CLANG_CXX_LIBRARY = "libc++";
				CLANG_ENABLE_MODULES = YES;
				CLANG_ENABLE_OBJC_ARC = YES;
				CLANG_ENABLE_OBJC_WEAK = YES;
				CLANG_WARN_BLOCK_CAPTURE_AUTORELEASING = YES;
				CLANG_WARN_BOOL_CONVERSION = YES;
				CLANG_WARN_COMMA = YES;
				CLANG_WARN_CONSTANT_CONVERSION = YES;
				CLANG_WARN_DEPRECATED_OBJC_IMPLEMENTATIONS = YES;
				CLANG_WARN_DIRECT_OBJC_ISA_USAGE = YES_ERROR;
				CLANG_WARN_DOCUMENTATION_COMMENTS = YES;
				CLANG_WARN_EMPTY_BODY = YES;
				CLANG_WARN_ENUM_CONVERSION = YES;
				CLANG_WARN_INFINITE_RECURSION = YES;
				CLANG_WARN_INT_CONVERSION = YES;
				CLANG_WARN_NON_LITERAL_NULL_CONVERSION = YES;
				CLANG_WARN_OBJC_IMPLICIT_RETAIN_SELF = YES;
				CLANG_WARN_OBJC_LITERAL_CONVERSION = YES;
				CLANG_WARN_OBJC_ROOT_CLASS = YES_ERROR;
				CLANG_WARN_RANGE_LOOP_ANALYSIS = YES;
				CLANG_WARN_STRICT_PROTOTYPES = YES;
				CLANG_WARN_SUSPICIOUS_MOVE = YES;
				CLANG_WARN_UNGUARDED_AVAILABILITY = YES_AGGRESSIVE;
				CLANG_WARN_UNREACHABLE_CODE = YES;
				CLANG_WARN__DUPLICATE_METHOD_MATCH = YES;
				COPY_PHASE_STRIP = NO;
				DEBUG_INFORMATION_FORMAT = dwarf;
				ENABLE_STRICT_OBJC_MSGSEND = YES;
				ENABLE_TESTABILITY = YES;
				GCC_C_LANGUAGE_STANDARD = gnu11;
				GCC_DYNAMIC_NO_PIC = NO;
				GCC_NO_COMMON_BLOCKS = YES;
				GCC_OPTIMIZATION_LEVEL = 0;
				GCC_PREPROCESSOR_DEFINITIONS = (
					"DEBUG=1",
					"$(inherited)",
				);
				GCC_WARN_64_TO_32_BIT_CONVERSION = YES;
				GCC_WARN_ABOUT_RETURN_TYPE = YES_ERROR;
				GCC_WARN_UNDECLARED_SELECTOR = YES;
				GCC_WARN_UNINITIALIZED_AUTOS = YES_AGGRESSIVE;
				GCC_WARN_UNUSED_FUNCTION = YES;
				GCC_WARN_UNUSED_VARIABLE = YES;
				IPHONEOS_DEPLOYMENT_TARGET = 13.1;
				MTL_ENABLE_DEBUG_INFO = INCLUDE_SOURCE;
				MTL_FAST_MATH = YES;
				ONLY_ACTIVE_ARCH = YES;
				SDKROOT = iphoneos;
				SWIFT_ACTIVE_COMPILATION_CONDITIONS = DEBUG;
				SWIFT_OPTIMIZATION_LEVEL = "-Onone";
			};
			name = Debug;
		};
		41409BC423DA480F008671C6 /* Release */ = {
			isa = XCBuildConfiguration;
			buildSettings = {
				ALWAYS_SEARCH_USER_PATHS = NO;
				CLANG_ANALYZER_NONNULL = YES;
				CLANG_ANALYZER_NUMBER_OBJECT_CONVERSION = YES_AGGRESSIVE;
				CLANG_CXX_LANGUAGE_STANDARD = "gnu++14";
				CLANG_CXX_LIBRARY = "libc++";
				CLANG_ENABLE_MODULES = YES;
				CLANG_ENABLE_OBJC_ARC = YES;
				CLANG_ENABLE_OBJC_WEAK = YES;
				CLANG_WARN_BLOCK_CAPTURE_AUTORELEASING = YES;
				CLANG_WARN_BOOL_CONVERSION = YES;
				CLANG_WARN_COMMA = YES;
				CLANG_WARN_CONSTANT_CONVERSION = YES;
				CLANG_WARN_DEPRECATED_OBJC_IMPLEMENTATIONS = YES;
				CLANG_WARN_DIRECT_OBJC_ISA_USAGE = YES_ERROR;
				CLANG_WARN_DOCUMENTATION_COMMENTS = YES;
				CLANG_WARN_EMPTY_BODY = YES;
				CLANG_WARN_ENUM_CONVERSION = YES;
				CLANG_WARN_INFINITE_RECURSION = YES;
				CLANG_WARN_INT_CONVERSION = YES;
				CLANG_WARN_NON_LITERAL_NULL_CONVERSION = YES;
				CLANG_WARN_OBJC_IMPLICIT_RETAIN_SELF = YES;
				CLANG_WARN_OBJC_LITERAL_CONVERSION = YES;
				CLANG_WARN_OBJC_ROOT_CLASS = YES_ERROR;
				CLANG_WARN_RANGE_LOOP_ANALYSIS = YES;
				CLANG_WARN_STRICT_PROTOTYPES = YES;
				CLANG_WARN_SUSPICIOUS_MOVE = YES;
				CLANG_WARN_UNGUARDED_AVAILABILITY = YES_AGGRESSIVE;
				CLANG_WARN_UNREACHABLE_CODE = YES;
				CLANG_WARN__DUPLICATE_METHOD_MATCH = YES;
				COPY_PHASE_STRIP = NO;
				DEBUG_INFORMATION_FORMAT = "dwarf-with-dsym";
				ENABLE_NS_ASSERTIONS = NO;
				ENABLE_STRICT_OBJC_MSGSEND = YES;
				GCC_C_LANGUAGE_STANDARD = gnu11;
				GCC_NO_COMMON_BLOCKS = YES;
				GCC_WARN_64_TO_32_BIT_CONVERSION = YES;
				GCC_WARN_ABOUT_RETURN_TYPE = YES_ERROR;
				GCC_WARN_UNDECLARED_SELECTOR = YES;
				GCC_WARN_UNINITIALIZED_AUTOS = YES_AGGRESSIVE;
				GCC_WARN_UNUSED_FUNCTION = YES;
				GCC_WARN_UNUSED_VARIABLE = YES;
				IPHONEOS_DEPLOYMENT_TARGET = 13.1;
				MTL_ENABLE_DEBUG_INFO = NO;
				MTL_FAST_MATH = YES;
				SDKROOT = iphoneos;
				SWIFT_COMPILATION_MODE = wholemodule;
				SWIFT_OPTIMIZATION_LEVEL = "-O";
				VALIDATE_PRODUCT = YES;
			};
			name = Release;
		};
		41409BC623DA480F008671C6 /* Debug */ = {
			isa = XCBuildConfiguration;
			buildSettings = {
				ASSETCATALOG_COMPILER_APPICON_NAME = AppIcon;
				CODE_SIGN_STYLE = Automatic;
				DEVELOPMENT_TEAM = 3V4WKADE8S;
				INFOPLIST_FILE = QuizChallenge/Info.plist;
				LD_RUNPATH_SEARCH_PATHS = (
					"$(inherited)",
					"@executable_path/Frameworks",
				);
				PRODUCT_BUNDLE_IDENTIFIER = com.rodrigoPacheco.QuizChallenge;
				PRODUCT_NAME = "$(TARGET_NAME)";
				SWIFT_VERSION = 5.0;
				TARGETED_DEVICE_FAMILY = "1,2";
			};
			name = Debug;
		};
		41409BC723DA480F008671C6 /* Release */ = {
			isa = XCBuildConfiguration;
			buildSettings = {
				ASSETCATALOG_COMPILER_APPICON_NAME = AppIcon;
				CODE_SIGN_STYLE = Automatic;
				DEVELOPMENT_TEAM = 3V4WKADE8S;
				INFOPLIST_FILE = QuizChallenge/Info.plist;
				LD_RUNPATH_SEARCH_PATHS = (
					"$(inherited)",
					"@executable_path/Frameworks",
				);
				PRODUCT_BUNDLE_IDENTIFIER = com.rodrigoPacheco.QuizChallenge;
				PRODUCT_NAME = "$(TARGET_NAME)";
				SWIFT_VERSION = 5.0;
				TARGETED_DEVICE_FAMILY = "1,2";
			};
			name = Release;
		};
/* End XCBuildConfiguration section */

/* Begin XCConfigurationList section */
		41409BAC23DA480E008671C6 /* Build configuration list for PBXProject "QuizChallenge" */ = {
			isa = XCConfigurationList;
			buildConfigurations = (
				41409BC323DA480F008671C6 /* Debug */,
				41409BC423DA480F008671C6 /* Release */,
			);
			defaultConfigurationIsVisible = 0;
			defaultConfigurationName = Release;
		};
		41409BC523DA480F008671C6 /* Build configuration list for PBXNativeTarget "QuizChallenge" */ = {
			isa = XCConfigurationList;
			buildConfigurations = (
				41409BC623DA480F008671C6 /* Debug */,
				41409BC723DA480F008671C6 /* Release */,
			);
			defaultConfigurationIsVisible = 0;
			defaultConfigurationName = Release;
		};
/* End XCConfigurationList section */
	};
	rootObject = 41409BA923DA480E008671C6 /* Project object */;
}
